PODS:
  - libpng (1.6.35)
  - Sparkle (1.23.0)

DEPENDENCIES:
  - libpng (~> 1.6)
  - Sparkle (~> 1.22)

SPEC REPOS:
  trunk:
    - libpng
    - Sparkle

SPEC CHECKSUMS:
  libpng: c490b0523e94f78697f83ad434fbaf715050e15b
  Sparkle: 55b1a87ba69d56913375a281546b7c82dec95bb0

PODFILE CHECKSUM: a8d11bc04a897a5ee30d1b29619e260c3d1b8697

COCOAPODS: 1.10.0
