PODS:
  - libpng (1.6.35)
  - Sparkle (1.22.0)

DEPENDENCIES:
  - libpng (~> 1.6)
  - Sparkle

SPEC REPOS:
  trunk:
    - libpng
    - Sparkle

SPEC CHECKSUMS:
  libpng: c490b0523e94f78697f83ad434fbaf715050e15b
  Sparkle: 593ac2e677c07bcb6c3b22d621240e7cbedaab57

PODFILE CHECKSUM: f6b7723b4752ecf68aefbb4959f88e8fcd92d32f

COCOAPODS: 1.8.4
