// !$*UTF8*$!
{
	archiveVersion = 1;
	classes = {
	};
	objectVersion = 50;
	objects = {

/* Begin PBXBuildFile section */
		9F069CA22381A7080081F32E /* JustMonikaView.h in Headers */ = {isa = PBXBuildFile; fileRef = 9F069CA12381A7080081F32E /* JustMonikaView.h */; };
		9F069CA42381A7080081F32E /* JustMonikaView.m in Sources */ = {isa = PBXBuildFile; fileRef = 9F069CA32381A7080081F32E /* JustMonikaView.m */; };
		9F069CB32381B4090081F32E /* AppDelegate.m in Sources */ = {isa = PBXBuildFile; fileRef = 9F069CB22381B4090081F32E /* AppDelegate.m */; };
		9F069CB52381B40C0081F32E /* Assets.xcassets in Resources */ = {isa = PBXBuildFile; fileRef = 9F069CB42381B40C0081F32E /* Assets.xcassets */; };
		9F069CB82381B40C0081F32E /* MainMenu.xib in Resources */ = {isa = PBXBuildFile; fileRef = 9F069CB62381B40C0081F32E /* MainMenu.xib */; };
		9F069CBB2381B40C0081F32E /* main.m in Sources */ = {isa = PBXBuildFile; fileRef = 9F069CBA2381B40C0081F32E /* main.m */; };
/* End PBXBuildFile section */

/* Begin PBXFileReference section */
		9F069C9E2381A7080081F32E /* JustMonika.saver */ = {isa = PBXFileReference; explicitFileType = wrapper.cfbundle; includeInIndex = 0; path = JustMonika.saver; sourceTree = BUILT_PRODUCTS_DIR; };
		9F069CA12381A7080081F32E /* JustMonikaView.h */ = {isa = PBXFileReference; lastKnownFileType = sourcecode.c.h; path = JustMonikaView.h; sourceTree = "<group>"; };
		9F069CA32381A7080081F32E /* JustMonikaView.m */ = {isa = PBXFileReference; lastKnownFileType = sourcecode.c.objc; path = JustMonikaView.m; sourceTree = "<group>"; };
		9F069CA52381A7080081F32E /* Info.plist */ = {isa = PBXFileReference; lastKnownFileType = text.plist.xml; path = Info.plist; sourceTree = "<group>"; };
		9F069CAF2381B4090081F32E /* JustMonikaPreview.app */ = {isa = PBXFileReference; explicitFileType = wrapper.application; includeInIndex = 0; path = JustMonikaPreview.app; sourceTree = BUILT_PRODUCTS_DIR; };
		9F069CB12381B4090081F32E /* AppDelegate.h */ = {isa = PBXFileReference; lastKnownFileType = sourcecode.c.h; path = AppDelegate.h; sourceTree = "<group>"; };
		9F069CB22381B4090081F32E /* AppDelegate.m */ = {isa = PBXFileReference; lastKnownFileType = sourcecode.c.objc; path = AppDelegate.m; sourceTree = "<group>"; };
		9F069CB42381B40C0081F32E /* Assets.xcassets */ = {isa = PBXFileReference; lastKnownFileType = folder.assetcatalog; path = Assets.xcassets; sourceTree = "<group>"; };
		9F069CB72381B40C0081F32E /* Base */ = {isa = PBXFileReference; lastKnownFileType = file.xib; name = Base; path = Base.lproj/MainMenu.xib; sourceTree = "<group>"; };
		9F069CB92381B40C0081F32E /* Info.plist */ = {isa = PBXFileReference; lastKnownFileType = text.plist.xml; path = Info.plist; sourceTree = "<group>"; };
		9F069CBA2381B40C0081F32E /* main.m */ = {isa = PBXFileReference; lastKnownFileType = sourcecode.c.objc; path = main.m; sourceTree = "<group>"; };
		9F069CBC2381B40C0081F32E /* JustMonikaPreview.entitlements */ = {isa = PBXFileReference; lastKnownFileType = text.plist.entitlements; path = JustMonikaPreview.entitlements; sourceTree = "<group>"; };
/* End PBXFileReference section */

/* Begin PBXFrameworksBuildPhase section */
		9F069C9B2381A7080081F32E /* Frameworks */ = {
			isa = PBXFrameworksBuildPhase;
			buildActionMask = 2147483647;
			files = (
			);
			runOnlyForDeploymentPostprocessing = 0;
		};
		9F069CAC2381B4090081F32E /* Frameworks */ = {
			isa = PBXFrameworksBuildPhase;
			buildActionMask = 2147483647;
			files = (
			);
			runOnlyForDeploymentPostprocessing = 0;
		};
/* End PBXFrameworksBuildPhase section */

/* Begin PBXGroup section */
		9F069C942381A7080081F32E = {
			isa = PBXGroup;
			children = (
				9F069CA02381A7080081F32E /* JustMonika */,
				9F069CB02381B4090081F32E /* JustMonikaPreview */,
				9F069C9F2381A7080081F32E /* Products */,
				9F069CC02381B61D0081F32E /* Frameworks */,
			);
			sourceTree = "<group>";
		};
		9F069C9F2381A7080081F32E /* Products */ = {
			isa = PBXGroup;
			children = (
				9F069C9E2381A7080081F32E /* JustMonika.saver */,
				9F069CAF2381B4090081F32E /* JustMonikaPreview.app */,
			);
			name = Products;
			sourceTree = "<group>";
		};
		9F069CA02381A7080081F32E /* JustMonika */ = {
			isa = PBXGroup;
			children = (
				9F069CA12381A7080081F32E /* JustMonikaView.h */,
				9F069CA32381A7080081F32E /* JustMonikaView.m */,
				9F069CA52381A7080081F32E /* Info.plist */,
			);
			path = JustMonika;
			sourceTree = "<group>";
		};
		9F069CB02381B4090081F32E /* JustMonikaPreview */ = {
			isa = PBXGroup;
			children = (
				9F069CB12381B4090081F32E /* AppDelegate.h */,
				9F069CB22381B4090081F32E /* AppDelegate.m */,
				9F069CB42381B40C0081F32E /* Assets.xcassets */,
				9F069CB62381B40C0081F32E /* MainMenu.xib */,
				9F069CB92381B40C0081F32E /* Info.plist */,
				9F069CBA2381B40C0081F32E /* main.m */,
				9F069CBC2381B40C0081F32E /* JustMonikaPreview.entitlements */,
			);
			path = JustMonikaPreview;
			sourceTree = "<group>";
		};
		9F069CC02381B61D0081F32E /* Frameworks */ = {
			isa = PBXGroup;
			children = (
			);
			name = Frameworks;
			sourceTree = "<group>";
		};
/* End PBXGroup section */

/* Begin PBXHeadersBuildPhase section */
		9F069C992381A7080081F32E /* Headers */ = {
			isa = PBXHeadersBuildPhase;
			buildActionMask = 2147483647;
			files = (
				9F069CA22381A7080081F32E /* JustMonikaView.h in Headers */,
			);
			runOnlyForDeploymentPostprocessing = 0;
		};
/* End PBXHeadersBuildPhase section */

/* Begin PBXNativeTarget section */
		9F069C9D2381A7080081F32E /* JustMonika */ = {
			isa = PBXNativeTarget;
			buildConfigurationList = 9F069CA82381A7080081F32E /* Build configuration list for PBXNativeTarget "JustMonika" */;
			buildPhases = (
				9F069C992381A7080081F32E /* Headers */,
				9F069C9A2381A7080081F32E /* Sources */,
				9F069C9B2381A7080081F32E /* Frameworks */,
				9F069C9C2381A7080081F32E /* Resources */,
			);
			buildRules = (
			);
			dependencies = (
			);
			name = JustMonika;
			productName = JustMonika;
			productReference = 9F069C9E2381A7080081F32E /* JustMonika.saver */;
			productType = "com.apple.product-type.bundle";
		};
		9F069CAE2381B4090081F32E /* JustMonikaPreview */ = {
			isa = PBXNativeTarget;
			buildConfigurationList = 9F069CBD2381B40C0081F32E /* Build configuration list for PBXNativeTarget "JustMonikaPreview" */;
			buildPhases = (
				9F069CAB2381B4090081F32E /* Sources */,
				9F069CAC2381B4090081F32E /* Frameworks */,
				9F069CAD2381B4090081F32E /* Resources */,
			);
			buildRules = (
			);
			dependencies = (
			);
			name = JustMonikaPreview;
			productName = JustMonikaPreview;
			productReference = 9F069CAF2381B4090081F32E /* JustMonikaPreview.app */;
			productType = "com.apple.product-type.application";
		};
/* End PBXNativeTarget section */

/* Begin PBXProject section */
		9F069C952381A7080081F32E /* Project object */ = {
			isa = PBXProject;
			attributes = {
				LastUpgradeCheck = 1120;
				ORGANIZATIONNAME = "ilammy's tearoom";
				TargetAttributes = {
					9F069C9D2381A7080081F32E = {
						CreatedOnToolsVersion = 11.2.1;
					};
					9F069CAE2381B4090081F32E = {
						CreatedOnToolsVersion = 11.2.1;
					};
				};
			};
			buildConfigurationList = 9F069C982381A7080081F32E /* Build configuration list for PBXProject "JustMonika" */;
			compatibilityVersion = "Xcode 9.3";
			developmentRegion = en;
			hasScannedForEncodings = 0;
			knownRegions = (
				en,
				Base,
			);
			mainGroup = 9F069C942381A7080081F32E;
			productRefGroup = 9F069C9F2381A7080081F32E /* Products */;
			projectDirPath = "";
			projectRoot = "";
			targets = (
				9F069C9D2381A7080081F32E /* JustMonika */,
				9F069CAE2381B4090081F32E /* JustMonikaPreview */,
			);
		};
/* End PBXProject section */

/* Begin PBXResourcesBuildPhase section */
		9F069C9C2381A7080081F32E /* Resources */ = {
			isa = PBXResourcesBuildPhase;
			buildActionMask = 2147483647;
			files = (
			);
			runOnlyForDeploymentPostprocessing = 0;
		};
		9F069CAD2381B4090081F32E /* Resources */ = {
			isa = PBXResourcesBuildPhase;
			buildActionMask = 2147483647;
			files = (
				9F069CB52381B40C0081F32E /* Assets.xcassets in Resources */,
				9F069CB82381B40C0081F32E /* MainMenu.xib in Resources */,
			);
			runOnlyForDeploymentPostprocessing = 0;
		};
/* End PBXResourcesBuildPhase section */

/* Begin PBXSourcesBuildPhase section */
		9F069C9A2381A7080081F32E /* Sources */ = {
			isa = PBXSourcesBuildPhase;
			buildActionMask = 2147483647;
			files = (
				9F069CA42381A7080081F32E /* JustMonikaView.m in Sources */,
			);
			runOnlyForDeploymentPostprocessing = 0;
		};
		9F069CAB2381B4090081F32E /* Sources */ = {
			isa = PBXSourcesBuildPhase;
			buildActionMask = 2147483647;
			files = (
				9F069CBB2381B40C0081F32E /* main.m in Sources */,
				9F069CB32381B4090081F32E /* AppDelegate.m in Sources */,
			);
			runOnlyForDeploymentPostprocessing = 0;
		};
/* End PBXSourcesBuildPhase section */

/* Begin PBXVariantGroup section */
		9F069CB62381B40C0081F32E /* MainMenu.xib */ = {
			isa = PBXVariantGroup;
			children = (
				9F069CB72381B40C0081F32E /* Base */,
			);
			name = MainMenu.xib;
			sourceTree = "<group>";
		};
/* End PBXVariantGroup section */

/* Begin XCBuildConfiguration section */
		9F069CA62381A7080081F32E /* Debug */ = {
			isa = XCBuildConfiguration;
			buildSettings = {
				ALWAYS_SEARCH_USER_PATHS = NO;
				CLANG_ANALYZER_NONNULL = YES;
				CLANG_ANALYZER_NUMBER_OBJECT_CONVERSION = YES_AGGRESSIVE;
				CLANG_CXX_LANGUAGE_STANDARD = "gnu++14";
				CLANG_CXX_LIBRARY = "libc++";
				CLANG_ENABLE_MODULES = YES;
				CLANG_ENABLE_OBJC_ARC = YES;
				CLANG_ENABLE_OBJC_WEAK = YES;
				CLANG_WARN_BLOCK_CAPTURE_AUTORELEASING = YES;
				CLANG_WARN_BOOL_CONVERSION = YES;
				CLANG_WARN_COMMA = YES;
				CLANG_WARN_CONSTANT_CONVERSION = YES;
				CLANG_WARN_DEPRECATED_OBJC_IMPLEMENTATIONS = YES;
				CLANG_WARN_DIRECT_OBJC_ISA_USAGE = YES_ERROR;
				CLANG_WARN_DOCUMENTATION_COMMENTS = YES;
				CLANG_WARN_EMPTY_BODY = YES;
				CLANG_WARN_ENUM_CONVERSION = YES;
				CLANG_WARN_INFINITE_RECURSION = YES;
				CLANG_WARN_INT_CONVERSION = YES;
				CLANG_WARN_NON_LITERAL_NULL_CONVERSION = YES;
				CLANG_WARN_OBJC_IMPLICIT_RETAIN_SELF = YES;
				CLANG_WARN_OBJC_LITERAL_CONVERSION = YES;
				CLANG_WARN_OBJC_ROOT_CLASS = YES_ERROR;
				CLANG_WARN_RANGE_LOOP_ANALYSIS = YES;
				CLANG_WARN_STRICT_PROTOTYPES = YES;
				CLANG_WARN_SUSPICIOUS_MOVE = YES;
				CLANG_WARN_UNGUARDED_AVAILABILITY = YES_AGGRESSIVE;
				CLANG_WARN_UNREACHABLE_CODE = YES;
				CLANG_WARN__DUPLICATE_METHOD_MATCH = YES;
				COPY_PHASE_STRIP = NO;
				DEBUG_INFORMATION_FORMAT = dwarf;
				ENABLE_STRICT_OBJC_MSGSEND = YES;
				ENABLE_TESTABILITY = YES;
				GCC_C_LANGUAGE_STANDARD = gnu11;
				GCC_DYNAMIC_NO_PIC = NO;
				GCC_NO_COMMON_BLOCKS = YES;
				GCC_OPTIMIZATION_LEVEL = 0;
				GCC_PREPROCESSOR_DEFINITIONS = (
					"DEBUG=1",
					"$(inherited)",
				);
				GCC_WARN_64_TO_32_BIT_CONVERSION = YES;
				GCC_WARN_ABOUT_RETURN_TYPE = YES_ERROR;
				GCC_WARN_UNDECLARED_SELECTOR = YES;
				GCC_WARN_UNINITIALIZED_AUTOS = YES_AGGRESSIVE;
				GCC_WARN_UNUSED_FUNCTION = YES;
				GCC_WARN_UNUSED_VARIABLE = YES;
				MACOSX_DEPLOYMENT_TARGET = 10.14;
				MTL_ENABLE_DEBUG_INFO = INCLUDE_SOURCE;
				MTL_FAST_MATH = YES;
				ONLY_ACTIVE_ARCH = YES;
				SDKROOT = macosx;
			};
			name = Debug;
		};
		9F069CA72381A7080081F32E /* Release */ = {
			isa = XCBuildConfiguration;
			buildSettings = {
				ALWAYS_SEARCH_USER_PATHS = NO;
				CLANG_ANALYZER_NONNULL = YES;
				CLANG_ANALYZER_NUMBER_OBJECT_CONVERSION = YES_AGGRESSIVE;
				CLANG_CXX_LANGUAGE_STANDARD = "gnu++14";
				CLANG_CXX_LIBRARY = "libc++";
				CLANG_ENABLE_MODULES = YES;
				CLANG_ENABLE_OBJC_ARC = YES;
				CLANG_ENABLE_OBJC_WEAK = YES;
				CLANG_WARN_BLOCK_CAPTURE_AUTORELEASING = YES;
				CLANG_WARN_BOOL_CONVERSION = YES;
				CLANG_WARN_COMMA = YES;
				CLANG_WARN_CONSTANT_CONVERSION = YES;
				CLANG_WARN_DEPRECATED_OBJC_IMPLEMENTATIONS = YES;
				CLANG_WARN_DIRECT_OBJC_ISA_USAGE = YES_ERROR;
				CLANG_WARN_DOCUMENTATION_COMMENTS = YES;
				CLANG_WARN_EMPTY_BODY = YES;
				CLANG_WARN_ENUM_CONVERSION = YES;
				CLANG_WARN_INFINITE_RECURSION = YES;
				CLANG_WARN_INT_CONVERSION = YES;
				CLANG_WARN_NON_LITERAL_NULL_CONVERSION = YES;
				CLANG_WARN_OBJC_IMPLICIT_RETAIN_SELF = YES;
				CLANG_WARN_OBJC_LITERAL_CONVERSION = YES;
				CLANG_WARN_OBJC_ROOT_CLASS = YES_ERROR;
				CLANG_WARN_RANGE_LOOP_ANALYSIS = YES;
				CLANG_WARN_STRICT_PROTOTYPES = YES;
				CLANG_WARN_SUSPICIOUS_MOVE = YES;
				CLANG_WARN_UNGUARDED_AVAILABILITY = YES_AGGRESSIVE;
				CLANG_WARN_UNREACHABLE_CODE = YES;
				CLANG_WARN__DUPLICATE_METHOD_MATCH = YES;
				COPY_PHASE_STRIP = NO;
				DEBUG_INFORMATION_FORMAT = "dwarf-with-dsym";
				ENABLE_NS_ASSERTIONS = NO;
				ENABLE_STRICT_OBJC_MSGSEND = YES;
				GCC_C_LANGUAGE_STANDARD = gnu11;
				GCC_NO_COMMON_BLOCKS = YES;
				GCC_WARN_64_TO_32_BIT_CONVERSION = YES;
				GCC_WARN_ABOUT_RETURN_TYPE = YES_ERROR;
				GCC_WARN_UNDECLARED_SELECTOR = YES;
				GCC_WARN_UNINITIALIZED_AUTOS = YES_AGGRESSIVE;
				GCC_WARN_UNUSED_FUNCTION = YES;
				GCC_WARN_UNUSED_VARIABLE = YES;
				MACOSX_DEPLOYMENT_TARGET = 10.14;
				MTL_ENABLE_DEBUG_INFO = NO;
				MTL_FAST_MATH = YES;
				SDKROOT = macosx;
			};
			name = Release;
		};
		9F069CA92381A7080081F32E /* Debug */ = {
			isa = XCBuildConfiguration;
			buildSettings = {
				CODE_SIGN_STYLE = Automatic;
				COMBINE_HIDPI_IMAGES = YES;
				DEVELOPMENT_TEAM = 6ZBRQV5H93;
				INFOPLIST_FILE = JustMonika/Info.plist;
				INSTALL_PATH = "$(HOME)/Library/Screen Savers";
				PRODUCT_BUNDLE_IDENTIFIER = net.ilammy.JustMonika;
				PRODUCT_NAME = "$(TARGET_NAME)";
				WRAPPER_EXTENSION = saver;
			};
			name = Debug;
		};
		9F069CAA2381A7080081F32E /* Release */ = {
			isa = XCBuildConfiguration;
			buildSettings = {
				CODE_SIGN_STYLE = Automatic;
				COMBINE_HIDPI_IMAGES = YES;
				DEVELOPMENT_TEAM = 6ZBRQV5H93;
				INFOPLIST_FILE = JustMonika/Info.plist;
				INSTALL_PATH = "$(HOME)/Library/Screen Savers";
				PRODUCT_BUNDLE_IDENTIFIER = net.ilammy.JustMonika;
				PRODUCT_NAME = "$(TARGET_NAME)";
				WRAPPER_EXTENSION = saver;
			};
			name = Release;
		};
		9F069CBE2381B40C0081F32E /* Debug */ = {
			isa = XCBuildConfiguration;
			buildSettings = {
				ASSETCATALOG_COMPILER_APPICON_NAME = AppIcon;
				CODE_SIGN_ENTITLEMENTS = JustMonikaPreview/JustMonikaPreview.entitlements;
				CODE_SIGN_STYLE = Automatic;
				COMBINE_HIDPI_IMAGES = YES;
				DEVELOPMENT_TEAM = 6ZBRQV5H93;
				ENABLE_HARDENED_RUNTIME = YES;
				INFOPLIST_FILE = JustMonikaPreview/Info.plist;
				LD_RUNPATH_SEARCH_PATHS = (
					"$(inherited)",
					"@executable_path/../Frameworks",
				);
				PRODUCT_BUNDLE_IDENTIFIER = net.ilammy.JustMonikaPreview;
				PRODUCT_NAME = "$(TARGET_NAME)";
			};
			name = Debug;
		};
		9F069CBF2381B40C0081F32E /* Release */ = {
			isa = XCBuildConfiguration;
			buildSettings = {
				ASSETCATALOG_COMPILER_APPICON_NAME = AppIcon;
				CODE_SIGN_ENTITLEMENTS = JustMonikaPreview/JustMonikaPreview.entitlements;
				CODE_SIGN_STYLE = Automatic;
				COMBINE_HIDPI_IMAGES = YES;
				DEVELOPMENT_TEAM = 6ZBRQV5H93;
				ENABLE_HARDENED_RUNTIME = YES;
				INFOPLIST_FILE = JustMonikaPreview/Info.plist;
				LD_RUNPATH_SEARCH_PATHS = (
					"$(inherited)",
					"@executable_path/../Frameworks",
				);
				PRODUCT_BUNDLE_IDENTIFIER = net.ilammy.JustMonikaPreview;
				PRODUCT_NAME = "$(TARGET_NAME)";
			};
			name = Release;
		};
/* End XCBuildConfiguration section */

/* Begin XCConfigurationList section */
		9F069C982381A7080081F32E /* Build configuration list for PBXProject "JustMonika" */ = {
			isa = XCConfigurationList;
			buildConfigurations = (
				9F069CA62381A7080081F32E /* Debug */,
				9F069CA72381A7080081F32E /* Release */,
			);
			defaultConfigurationIsVisible = 0;
			defaultConfigurationName = Release;
		};
		9F069CA82381A7080081F32E /* Build configuration list for PBXNativeTarget "JustMonika" */ = {
			isa = XCConfigurationList;
			buildConfigurations = (
				9F069CA92381A7080081F32E /* Debug */,
				9F069CAA2381A7080081F32E /* Release */,
			);
			defaultConfigurationIsVisible = 0;
			defaultConfigurationName = Release;
		};
		9F069CBD2381B40C0081F32E /* Build configuration list for PBXNativeTarget "JustMonikaPreview" */ = {
			isa = XCConfigurationList;
			buildConfigurations = (
				9F069CBE2381B40C0081F32E /* Debug */,
				9F069CBF2381B40C0081F32E /* Release */,
			);
			defaultConfigurationIsVisible = 0;
			defaultConfigurationName = Release;
		};
/* End XCConfigurationList section */
	};
	rootObject = 9F069C952381A7080081F32E /* Project object */;
}
