// !$*UTF8*$!
{
	archiveVersion = 1;
	classes = {
	};
	objectVersion = 50;
	objects = {

/* Begin PBXBuildFile section */
		7F1DE1403B2FBF0F2C40A9A8 /* libPods-JustMonika.a in Frameworks */ = {isa = PBXBuildFile; fileRef = 89EB2B0B5C632DD504788B57 /* libPods-JustMonika.a */; };
		90311291C839184E9D507CD4 /* libPods-JustMonika-JustMonikaGL.a in Frameworks */ = {isa = PBXBuildFile; fileRef = 707419F7FEE43A90343AC9DB /* libPods-JustMonika-JustMonikaGL.a */; };
		9F069CA22381A7080081F32E /* JustMonikaView.h in Headers */ = {isa = PBXBuildFile; fileRef = 9F069CA12381A7080081F32E /* JustMonikaView.h */; settings = {ATTRIBUTES = (Public, ); }; };
		9F069CA42381A7080081F32E /* JustMonikaView.m in Sources */ = {isa = PBXBuildFile; fileRef = 9F069CA32381A7080081F32E /* JustMonikaView.m */; };
		9F069CB32381B4090081F32E /* AppDelegate.m in Sources */ = {isa = PBXBuildFile; fileRef = 9F069CB22381B4090081F32E /* AppDelegate.m */; };
		9F069CB52381B40C0081F32E /* Assets.xcassets in Resources */ = {isa = PBXBuildFile; fileRef = 9F069CB42381B40C0081F32E /* Assets.xcassets */; };
		9F069CB82381B40C0081F32E /* MainMenu.xib in Resources */ = {isa = PBXBuildFile; fileRef = 9F069CB62381B40C0081F32E /* MainMenu.xib */; };
		9F069CBB2381B40C0081F32E /* main.m in Sources */ = {isa = PBXBuildFile; fileRef = 9F069CBA2381B40C0081F32E /* main.m */; };
		9F1A08AF23B57F13007B6A80 /* Sparkle.framework in Frameworks */ = {isa = PBXBuildFile; fileRef = 9F1A08AE23B57F13007B6A80 /* Sparkle.framework */; };
		9F1A08B023B57F13007B6A80 /* Sparkle.framework in Embed Frameworks */ = {isa = PBXBuildFile; fileRef = 9F1A08AE23B57F13007B6A80 /* Sparkle.framework */; settings = {ATTRIBUTES = (RemoveHeadersOnCopy, ); }; };
		9F1A08B323B66691007B6A80 /* JustMonikaUpdater.h in Headers */ = {isa = PBXBuildFile; fileRef = 9F1A08B123B66691007B6A80 /* JustMonikaUpdater.h */; };
		9F1A08B423B66691007B6A80 /* JustMonikaUpdater.m in Sources */ = {isa = PBXBuildFile; fileRef = 9F1A08B223B66691007B6A80 /* JustMonikaUpdater.m */; };
		9F1A08BA23B7E25E007B6A80 /* UserNotifications.framework in Frameworks */ = {isa = PBXBuildFile; fileRef = 9F1A08B923B7E25E007B6A80 /* UserNotifications.framework */; settings = {ATTRIBUTES = (Weak, ); }; };
		9F242B5C23B26D7800EF94D7 /* thumbnail.png in Resources */ = {isa = PBXBuildFile; fileRef = 9F242B5A23B26D7800EF94D7 /* thumbnail.png */; };
		9F242B5D23B26D7800EF94D7 /* thumbnail@2x.png in Resources */ = {isa = PBXBuildFile; fileRef = 9F242B5B23B26D7800EF94D7 /* thumbnail@2x.png */; };
		9F242B6B23B276B300EF94D7 /* JustMonikaGL.h in Headers */ = {isa = PBXBuildFile; fileRef = 9F3FC420238A0BA000AD0621 /* JustMonikaGL.h */; settings = {ATTRIBUTES = (Public, ); }; };
		9F242B6C23B276C000EF94D7 /* context.h in Headers */ = {isa = PBXBuildFile; fileRef = 9F3FC40A238A0A3F00AD0621 /* context.h */; };
		9F242B6D23B276C200EF94D7 /* init.h in Headers */ = {isa = PBXBuildFile; fileRef = 9F3FC42B238A100C00AD0621 /* init.h */; };
		9F242B6E23B276C500EF94D7 /* draw.h in Headers */ = {isa = PBXBuildFile; fileRef = 9F3FC431238A109D00AD0621 /* draw.h */; };
		9F242B6F23B276C900EF94D7 /* opengl.h in Headers */ = {isa = PBXBuildFile; fileRef = 9F3FC453238AF2AE00AD0621 /* opengl.h */; };
		9F242B7023B276CB00EF94D7 /* matrix.h in Headers */ = {isa = PBXBuildFile; fileRef = 9F3FC455238C908F00AD0621 /* matrix.h */; };
		9F242B7123B276D000EF94D7 /* shader.h in Headers */ = {isa = PBXBuildFile; fileRef = 9F3FC459238C929D00AD0621 /* shader.h */; };
		9F242B7223B276D600EF94D7 /* texture.h in Headers */ = {isa = PBXBuildFile; fileRef = 9FB11303238F2EEB00E0FA7E /* texture.h */; };
		9F242B7323B276D900EF94D7 /* resource.h in Headers */ = {isa = PBXBuildFile; fileRef = 9FB113122392E7DE00E0FA7E /* resource.h */; };
		9F242B7423B276DB00EF94D7 /* timer.h in Headers */ = {isa = PBXBuildFile; fileRef = 9FB1132323939A8C00E0FA7E /* timer.h */; };
		9F242B7523B276EE00EF94D7 /* context.c in Sources */ = {isa = PBXBuildFile; fileRef = 9F3FC40B238A0A8300AD0621 /* context.c */; };
		9F242B7623B276F000EF94D7 /* init.c in Sources */ = {isa = PBXBuildFile; fileRef = 9F3FC42C238A100C00AD0621 /* init.c */; };
		9F242B7723B276F300EF94D7 /* draw.c in Sources */ = {isa = PBXBuildFile; fileRef = 9F3FC432238A109D00AD0621 /* draw.c */; };
		9F242B7823B276F600EF94D7 /* matrix.c in Sources */ = {isa = PBXBuildFile; fileRef = 9F3FC456238C908F00AD0621 /* matrix.c */; };
		9F242B7923B276FA00EF94D7 /* shader.c in Sources */ = {isa = PBXBuildFile; fileRef = 9F3FC45A238C929D00AD0621 /* shader.c */; };
		9F242B7A23B276FD00EF94D7 /* texture.c in Sources */ = {isa = PBXBuildFile; fileRef = 9FB11304238F2EEB00E0FA7E /* texture.c */; };
		9F242B7B23B2770000EF94D7 /* resource_macos.m in Sources */ = {isa = PBXBuildFile; fileRef = 9FB113142392E94400E0FA7E /* resource_macos.m */; };
		9F242B7C23B2770200EF94D7 /* timer.c in Sources */ = {isa = PBXBuildFile; fileRef = 9FB1132423939A8C00E0FA7E /* timer.c */; };
		9F242B7D23B277D600EF94D7 /* OpenGL.framework in Frameworks */ = {isa = PBXBuildFile; fileRef = 9F3FC436238A118000AD0621 /* OpenGL.framework */; };
		9F242B8023B279F000EF94D7 /* JustMonikaGL.framework in Frameworks */ = {isa = PBXBuildFile; fileRef = 9F242B6323B275EE00EF94D7 /* JustMonikaGL.framework */; };
		9F242B8123B279F000EF94D7 /* JustMonikaGL.framework in Embed Frameworks */ = {isa = PBXBuildFile; fileRef = 9F242B6323B275EE00EF94D7 /* JustMonikaGL.framework */; settings = {ATTRIBUTES = (RemoveHeadersOnCopy, ); }; };
		9F242B8523B2832100EF94D7 /* Monika in Resources */ = {isa = PBXBuildFile; fileRef = 9FB1131F2392EFD200E0FA7E /* Monika */; };
		9F242B8623B2832400EF94D7 /* Shaders in Resources */ = {isa = PBXBuildFile; fileRef = 9FB113212392F28300E0FA7E /* Shaders */; };
		9F33485223B2CEF100368291 /* JustMonikaGLView.h in Headers */ = {isa = PBXBuildFile; fileRef = 9F3FC43F238A138100AD0621 /* JustMonikaGLView.h */; settings = {ATTRIBUTES = (Private, ); }; };
		9F33485B23B3C25200368291 /* monika.chr in Resources */ = {isa = PBXBuildFile; fileRef = 9F33485A23B3C25200368291 /* monika.chr */; };
		9F3958A423D157640026C6E8 /* icon.icns in Resources */ = {isa = PBXBuildFile; fileRef = 9F3958A323D157640026C6E8 /* icon.icns */; };
		9F3FC3F62389506300AD0621 /* NSView+Subviews.h in Headers */ = {isa = PBXBuildFile; fileRef = 9F3FC3F42389506300AD0621 /* NSView+Subviews.h */; };
		9F3FC3F72389506300AD0621 /* NSView+Subviews.m in Sources */ = {isa = PBXBuildFile; fileRef = 9F3FC3F52389506300AD0621 /* NSView+Subviews.m */; };
		9F3FC3FA2389596300AD0621 /* JustMonikaSettings.h in Headers */ = {isa = PBXBuildFile; fileRef = 9F3FC3F82389596300AD0621 /* JustMonikaSettings.h */; settings = {ATTRIBUTES = (Private, ); }; };
		9F3FC3FB2389596300AD0621 /* JustMonikaSettings.m in Sources */ = {isa = PBXBuildFile; fileRef = 9F3FC3F92389596300AD0621 /* JustMonikaSettings.m */; };
		9F4A148923BB727A003E9CB9 /* NSBundle+Monika.h in Headers */ = {isa = PBXBuildFile; fileRef = 9F4A148723BB727A003E9CB9 /* NSBundle+Monika.h */; };
		9F4A148A23BB727A003E9CB9 /* NSBundle+Monika.m in Sources */ = {isa = PBXBuildFile; fileRef = 9F4A148823BB727A003E9CB9 /* NSBundle+Monika.m */; };
		9F4A148D23BB7F77003E9CB9 /* NSView+Thumbnails.h in Headers */ = {isa = PBXBuildFile; fileRef = 9F4A148B23BB7F77003E9CB9 /* NSView+Thumbnails.h */; };
		9F4A148E23BB7F77003E9CB9 /* NSView+Thumbnails.m in Sources */ = {isa = PBXBuildFile; fileRef = 9F4A148C23BB7F77003E9CB9 /* NSView+Thumbnails.m */; };
		9F4A149323BBAB1E003E9CB9 /* ScreenSaverThumbFrame.png in Resources */ = {isa = PBXBuildFile; fileRef = 9F4A148F23BBAB1D003E9CB9 /* ScreenSaverThumbFrame.png */; };
		9F4A149423BBAB1E003E9CB9 /* ScreenSaverThumbMask@2x.png in Resources */ = {isa = PBXBuildFile; fileRef = 9F4A149023BBAB1E003E9CB9 /* ScreenSaverThumbMask@2x.png */; };
		9F4A149523BBAB1E003E9CB9 /* ScreenSaverThumbFrame@2x.png in Resources */ = {isa = PBXBuildFile; fileRef = 9F4A149123BBAB1E003E9CB9 /* ScreenSaverThumbFrame@2x.png */; };
		9F4A149623BBAB1E003E9CB9 /* ScreenSaverThumbMask.png in Resources */ = {isa = PBXBuildFile; fileRef = 9F4A149223BBAB1E003E9CB9 /* ScreenSaverThumbMask.png */; };
		9F4A149923C0E987003E9CB9 /* sheet.xib in Resources */ = {isa = PBXBuildFile; fileRef = 9F4A149B23C0E987003E9CB9 /* sheet.xib */; };
		9F4A14A023C0F201003E9CB9 /* JustMonika.strings in Resources */ = {isa = PBXBuildFile; fileRef = 9F4A149E23C0F201003E9CB9 /* JustMonika.strings */; };
		9F4A14A423C0FB8E003E9CB9 /* InfoPlist.strings in Resources */ = {isa = PBXBuildFile; fileRef = 9F4A14A623C0FB8E003E9CB9 /* InfoPlist.strings */; };
		9F6CC84A23B9485A00540B08 /* JustMonikaNotifications.h in Headers */ = {isa = PBXBuildFile; fileRef = 9F6CC84823B9485A00540B08 /* JustMonikaNotifications.h */; };
		9F6CC84B23B9485A00540B08 /* JustMonikaNotifications.m in Sources */ = {isa = PBXBuildFile; fileRef = 9F6CC84923B9485A00540B08 /* JustMonikaNotifications.m */; };
		9FA5BF1523B8BCEA0019F956 /* ib_preview.png in Resources */ = {isa = PBXBuildFile; fileRef = 9FA5BF1423B8BCEA0019F956 /* ib_preview.png */; };
		9FB113292393D36500E0FA7E /* JustMonikaGLView.m in Sources */ = {isa = PBXBuildFile; fileRef = 9F3FC445238A13DA00AD0621 /* JustMonikaGLView.m */; };
		9FB113332393D8AF00E0FA7E /* JustMonika.saver in Embed PlugIns */ = {isa = PBXBuildFile; fileRef = 9F069C9E2381A7080081F32E /* JustMonika.saver */; settings = {ATTRIBUTES = (CodeSignOnCopy, RemoveHeadersOnCopy, ); }; };
/* End PBXBuildFile section */

/* Begin PBXContainerItemProxy section */
		9F242B8223B279F000EF94D7 /* PBXContainerItemProxy */ = {
			isa = PBXContainerItemProxy;
			containerPortal = 9F069C952381A7080081F32E /* Project object */;
			proxyType = 1;
			remoteGlobalIDString = 9F242B6223B275EE00EF94D7;
			remoteInfo = JustMonikaGL;
		};
		9FB113342393D8AF00E0FA7E /* PBXContainerItemProxy */ = {
			isa = PBXContainerItemProxy;
			containerPortal = 9F069C952381A7080081F32E /* Project object */;
			proxyType = 1;
			remoteGlobalIDString = 9F069C9D2381A7080081F32E;
			remoteInfo = JustMonika;
		};
/* End PBXContainerItemProxy section */

/* Begin PBXCopyFilesBuildPhase section */
		9F242B8423B279F000EF94D7 /* Embed Frameworks */ = {
			isa = PBXCopyFilesBuildPhase;
			buildActionMask = 2147483647;
			dstPath = "";
			dstSubfolderSpec = 10;
			files = (
				9F242B8123B279F000EF94D7 /* JustMonikaGL.framework in Embed Frameworks */,
				9F1A08B023B57F13007B6A80 /* Sparkle.framework in Embed Frameworks */,
			);
			name = "Embed Frameworks";
			runOnlyForDeploymentPostprocessing = 0;
		};
		9FB113362393D8AF00E0FA7E /* Embed PlugIns */ = {
			isa = PBXCopyFilesBuildPhase;
			buildActionMask = 2147483647;
			dstPath = "";
			dstSubfolderSpec = 13;
			files = (
				9FB113332393D8AF00E0FA7E /* JustMonika.saver in Embed PlugIns */,
			);
			name = "Embed PlugIns";
			runOnlyForDeploymentPostprocessing = 0;
		};
		9FCA72AE23B2A0FD0063E773 /* Embed Frameworks */ = {
			isa = PBXCopyFilesBuildPhase;
			buildActionMask = 12;
			dstPath = "";
			dstSubfolderSpec = 10;
			files = (
			);
			name = "Embed Frameworks";
			runOnlyForDeploymentPostprocessing = 0;
		};
/* End PBXCopyFilesBuildPhase section */

/* Begin PBXFileReference section */
		3217C32AC8FB40E8770CA75B /* Pods-JustMonika-JustMonikaGL.release.xcconfig */ = {isa = PBXFileReference; includeInIndex = 1; lastKnownFileType = text.xcconfig; name = "Pods-JustMonika-JustMonikaGL.release.xcconfig"; path = "Target Support Files/Pods-JustMonika-JustMonikaGL/Pods-JustMonika-JustMonikaGL.release.xcconfig"; sourceTree = "<group>"; };
		53602FE507F4F77028C3C821 /* Pods-JustMonika-JustMonikaGL.debug.xcconfig */ = {isa = PBXFileReference; includeInIndex = 1; lastKnownFileType = text.xcconfig; name = "Pods-JustMonika-JustMonikaGL.debug.xcconfig"; path = "Target Support Files/Pods-JustMonika-JustMonikaGL/Pods-JustMonika-JustMonikaGL.debug.xcconfig"; sourceTree = "<group>"; };
		707419F7FEE43A90343AC9DB /* libPods-JustMonika-JustMonikaGL.a */ = {isa = PBXFileReference; explicitFileType = archive.ar; includeInIndex = 0; path = "libPods-JustMonika-JustMonikaGL.a"; sourceTree = BUILT_PRODUCTS_DIR; };
		89EB2B0B5C632DD504788B57 /* libPods-JustMonika.a */ = {isa = PBXFileReference; explicitFileType = archive.ar; includeInIndex = 0; path = "libPods-JustMonika.a"; sourceTree = BUILT_PRODUCTS_DIR; };
		9F069C9E2381A7080081F32E /* JustMonika.saver */ = {isa = PBXFileReference; explicitFileType = wrapper.cfbundle; includeInIndex = 0; path = JustMonika.saver; sourceTree = BUILT_PRODUCTS_DIR; };
		9F069CA12381A7080081F32E /* JustMonikaView.h */ = {isa = PBXFileReference; lastKnownFileType = sourcecode.c.h; path = JustMonikaView.h; sourceTree = "<group>"; };
		9F069CA32381A7080081F32E /* JustMonikaView.m */ = {isa = PBXFileReference; lastKnownFileType = sourcecode.c.objc; path = JustMonikaView.m; sourceTree = "<group>"; };
		9F069CA52381A7080081F32E /* Info.plist */ = {isa = PBXFileReference; lastKnownFileType = text.plist.xml; path = Info.plist; sourceTree = "<group>"; };
		9F069CAF2381B4090081F32E /* JustMonikaPreview.app */ = {isa = PBXFileReference; explicitFileType = wrapper.application; includeInIndex = 0; path = JustMonikaPreview.app; sourceTree = BUILT_PRODUCTS_DIR; };
		9F069CB12381B4090081F32E /* AppDelegate.h */ = {isa = PBXFileReference; lastKnownFileType = sourcecode.c.h; path = AppDelegate.h; sourceTree = "<group>"; };
		9F069CB22381B4090081F32E /* AppDelegate.m */ = {isa = PBXFileReference; lastKnownFileType = sourcecode.c.objc; path = AppDelegate.m; sourceTree = "<group>"; };
		9F069CB42381B40C0081F32E /* Assets.xcassets */ = {isa = PBXFileReference; lastKnownFileType = folder.assetcatalog; path = Assets.xcassets; sourceTree = "<group>"; };
		9F069CB72381B40C0081F32E /* Base */ = {isa = PBXFileReference; lastKnownFileType = file.xib; name = Base; path = Base.lproj/MainMenu.xib; sourceTree = "<group>"; };
		9F069CB92381B40C0081F32E /* Info.plist */ = {isa = PBXFileReference; lastKnownFileType = text.plist.xml; path = Info.plist; sourceTree = "<group>"; };
		9F069CBA2381B40C0081F32E /* main.m */ = {isa = PBXFileReference; lastKnownFileType = sourcecode.c.objc; path = main.m; sourceTree = "<group>"; };
		9F069CBC2381B40C0081F32E /* JustMonikaPreview.entitlements */ = {isa = PBXFileReference; lastKnownFileType = text.plist.entitlements; path = JustMonikaPreview.entitlements; sourceTree = "<group>"; };
		9F1A08A123B3E264007B6A80 /* Info.plist */ = {isa = PBXFileReference; lastKnownFileType = text.plist.xml; path = Info.plist; sourceTree = "<group>"; };
		9F1A08AE23B57F13007B6A80 /* Sparkle.framework */ = {isa = PBXFileReference; lastKnownFileType = wrapper.framework; name = Sparkle.framework; path = Pods/Sparkle/Sparkle.framework; sourceTree = "<group>"; };
		9F1A08B123B66691007B6A80 /* JustMonikaUpdater.h */ = {isa = PBXFileReference; lastKnownFileType = sourcecode.c.h; path = JustMonikaUpdater.h; sourceTree = "<group>"; };
		9F1A08B223B66691007B6A80 /* JustMonikaUpdater.m */ = {isa = PBXFileReference; lastKnownFileType = sourcecode.c.objc; path = JustMonikaUpdater.m; sourceTree = "<group>"; };
		9F1A08B923B7E25E007B6A80 /* UserNotifications.framework */ = {isa = PBXFileReference; lastKnownFileType = wrapper.framework; name = UserNotifications.framework; path = System/Library/Frameworks/UserNotifications.framework; sourceTree = SDKROOT; };
		9F242B5A23B26D7800EF94D7 /* thumbnail.png */ = {isa = PBXFileReference; lastKnownFileType = image.png; path = thumbnail.png; sourceTree = "<group>"; };
		9F242B5B23B26D7800EF94D7 /* thumbnail@2x.png */ = {isa = PBXFileReference; lastKnownFileType = image.png; path = "thumbnail@2x.png"; sourceTree = "<group>"; };
		9F242B6323B275EE00EF94D7 /* JustMonikaGL.framework */ = {isa = PBXFileReference; explicitFileType = wrapper.framework; includeInIndex = 0; path = JustMonikaGL.framework; sourceTree = BUILT_PRODUCTS_DIR; };
		9F33485A23B3C25200368291 /* monika.chr */ = {isa = PBXFileReference; lastKnownFileType = file; path = monika.chr; sourceTree = "<group>"; };
		9F3958A323D157640026C6E8 /* icon.icns */ = {isa = PBXFileReference; lastKnownFileType = image.icns; path = icon.icns; sourceTree = "<group>"; };
		9F3FC3F42389506300AD0621 /* NSView+Subviews.h */ = {isa = PBXFileReference; lastKnownFileType = sourcecode.c.h; path = "NSView+Subviews.h"; sourceTree = "<group>"; };
		9F3FC3F52389506300AD0621 /* NSView+Subviews.m */ = {isa = PBXFileReference; lastKnownFileType = sourcecode.c.objc; path = "NSView+Subviews.m"; sourceTree = "<group>"; };
		9F3FC3F82389596300AD0621 /* JustMonikaSettings.h */ = {isa = PBXFileReference; lastKnownFileType = sourcecode.c.h; path = JustMonikaSettings.h; sourceTree = "<group>"; };
		9F3FC3F92389596300AD0621 /* JustMonikaSettings.m */ = {isa = PBXFileReference; lastKnownFileType = sourcecode.c.objc; path = JustMonikaSettings.m; sourceTree = "<group>"; };
		9F3FC40A238A0A3F00AD0621 /* context.h */ = {isa = PBXFileReference; lastKnownFileType = sourcecode.c.h; path = context.h; sourceTree = "<group>"; };
		9F3FC40B238A0A8300AD0621 /* context.c */ = {isa = PBXFileReference; lastKnownFileType = sourcecode.c.c; path = context.c; sourceTree = "<group>"; };
		9F3FC420238A0BA000AD0621 /* JustMonikaGL.h */ = {isa = PBXFileReference; lastKnownFileType = sourcecode.c.h; path = JustMonikaGL.h; sourceTree = "<group>"; };
		9F3FC42B238A100C00AD0621 /* init.h */ = {isa = PBXFileReference; lastKnownFileType = sourcecode.c.h; path = init.h; sourceTree = "<group>"; };
		9F3FC42C238A100C00AD0621 /* init.c */ = {isa = PBXFileReference; lastKnownFileType = sourcecode.c.c; path = init.c; sourceTree = "<group>"; };
		9F3FC431238A109D00AD0621 /* draw.h */ = {isa = PBXFileReference; lastKnownFileType = sourcecode.c.h; path = draw.h; sourceTree = "<group>"; };
		9F3FC432238A109D00AD0621 /* draw.c */ = {isa = PBXFileReference; lastKnownFileType = sourcecode.c.c; path = draw.c; sourceTree = "<group>"; };
		9F3FC436238A118000AD0621 /* OpenGL.framework */ = {isa = PBXFileReference; lastKnownFileType = wrapper.framework; name = OpenGL.framework; path = System/Library/Frameworks/OpenGL.framework; sourceTree = SDKROOT; };
		9F3FC43F238A138100AD0621 /* JustMonikaGLView.h */ = {isa = PBXFileReference; lastKnownFileType = sourcecode.c.h; path = JustMonikaGLView.h; sourceTree = "<group>"; };
		9F3FC445238A13DA00AD0621 /* JustMonikaGLView.m */ = {isa = PBXFileReference; lastKnownFileType = sourcecode.c.objc; path = JustMonikaGLView.m; sourceTree = "<group>"; };
		9F3FC447238A14A500AD0621 /* AppKit.framework */ = {isa = PBXFileReference; lastKnownFileType = wrapper.framework; name = AppKit.framework; path = System/Library/Frameworks/AppKit.framework; sourceTree = SDKROOT; };
		9F3FC453238AF2AE00AD0621 /* opengl.h */ = {isa = PBXFileReference; lastKnownFileType = sourcecode.c.h; path = opengl.h; sourceTree = "<group>"; };
		9F3FC455238C908F00AD0621 /* matrix.h */ = {isa = PBXFileReference; lastKnownFileType = sourcecode.c.h; path = matrix.h; sourceTree = "<group>"; };
		9F3FC456238C908F00AD0621 /* matrix.c */ = {isa = PBXFileReference; lastKnownFileType = sourcecode.c.c; path = matrix.c; sourceTree = "<group>"; };
		9F3FC459238C929D00AD0621 /* shader.h */ = {isa = PBXFileReference; lastKnownFileType = sourcecode.c.h; path = shader.h; sourceTree = "<group>"; };
		9F3FC45A238C929D00AD0621 /* shader.c */ = {isa = PBXFileReference; lastKnownFileType = sourcecode.c.c; path = shader.c; sourceTree = "<group>"; };
		9F4A148723BB727A003E9CB9 /* NSBundle+Monika.h */ = {isa = PBXFileReference; lastKnownFileType = sourcecode.c.h; path = "NSBundle+Monika.h"; sourceTree = "<group>"; };
		9F4A148823BB727A003E9CB9 /* NSBundle+Monika.m */ = {isa = PBXFileReference; lastKnownFileType = sourcecode.c.objc; path = "NSBundle+Monika.m"; sourceTree = "<group>"; };
		9F4A148B23BB7F77003E9CB9 /* NSView+Thumbnails.h */ = {isa = PBXFileReference; lastKnownFileType = sourcecode.c.h; path = "NSView+Thumbnails.h"; sourceTree = "<group>"; };
		9F4A148C23BB7F77003E9CB9 /* NSView+Thumbnails.m */ = {isa = PBXFileReference; lastKnownFileType = sourcecode.c.objc; path = "NSView+Thumbnails.m"; sourceTree = "<group>"; };
		9F4A148F23BBAB1D003E9CB9 /* ScreenSaverThumbFrame.png */ = {isa = PBXFileReference; lastKnownFileType = image.png; path = ScreenSaverThumbFrame.png; sourceTree = "<group>"; };
		9F4A149023BBAB1E003E9CB9 /* ScreenSaverThumbMask@2x.png */ = {isa = PBXFileReference; lastKnownFileType = image.png; path = "ScreenSaverThumbMask@2x.png"; sourceTree = "<group>"; };
		9F4A149123BBAB1E003E9CB9 /* ScreenSaverThumbFrame@2x.png */ = {isa = PBXFileReference; lastKnownFileType = image.png; path = "ScreenSaverThumbFrame@2x.png"; sourceTree = "<group>"; };
		9F4A149223BBAB1E003E9CB9 /* ScreenSaverThumbMask.png */ = {isa = PBXFileReference; lastKnownFileType = image.png; path = ScreenSaverThumbMask.png; sourceTree = "<group>"; };
		9F4A149A23C0E987003E9CB9 /* Base */ = {isa = PBXFileReference; lastKnownFileType = file.xib; name = Base; path = Base.lproj/sheet.xib; sourceTree = "<group>"; };
		9F4A149D23C0E9B4003E9CB9 /* en */ = {isa = PBXFileReference; lastKnownFileType = text.plist.strings; name = en; path = en.lproj/sheet.strings; sourceTree = "<group>"; };
		9F4A149F23C0F201003E9CB9 /* Base */ = {isa = PBXFileReference; lastKnownFileType = text.plist.strings; name = Base; path = Base.lproj/JustMonika.strings; sourceTree = "<group>"; };
		9F4A14A123C0F209003E9CB9 /* en */ = {isa = PBXFileReference; lastKnownFileType = text.plist.strings; name = en; path = en.lproj/JustMonika.strings; sourceTree = "<group>"; };
		9F4A14A523C0FB8E003E9CB9 /* en */ = {isa = PBXFileReference; lastKnownFileType = text.plist.strings; name = en; path = en.lproj/InfoPlist.strings; sourceTree = "<group>"; };
		9F4A14B123C2359C003E9CB9 /* ja */ = {isa = PBXFileReference; lastKnownFileType = text.plist.strings; name = ja; path = ja.lproj/sheet.strings; sourceTree = "<group>"; };
		9F4A14B223C2359C003E9CB9 /* ja */ = {isa = PBXFileReference; lastKnownFileType = text.plist.strings; name = ja; path = ja.lproj/InfoPlist.strings; sourceTree = "<group>"; };
		9F4A14B323C2359C003E9CB9 /* ja */ = {isa = PBXFileReference; lastKnownFileType = text.plist.strings; name = ja; path = ja.lproj/JustMonika.strings; sourceTree = "<group>"; };
		9F4A14B423C235A6003E9CB9 /* ru */ = {isa = PBXFileReference; lastKnownFileType = text.plist.strings; name = ru; path = ru.lproj/sheet.strings; sourceTree = "<group>"; };
		9F4A14B523C235A6003E9CB9 /* ru */ = {isa = PBXFileReference; lastKnownFileType = text.plist.strings; name = ru; path = ru.lproj/InfoPlist.strings; sourceTree = "<group>"; };
		9F4A14B623C235A6003E9CB9 /* ru */ = {isa = PBXFileReference; lastKnownFileType = text.plist.strings; name = ru; path = ru.lproj/JustMonika.strings; sourceTree = "<group>"; };
		9F4A14B723C235AE003E9CB9 /* uk */ = {isa = PBXFileReference; lastKnownFileType = text.plist.strings; name = uk; path = uk.lproj/sheet.strings; sourceTree = "<group>"; };
		9F4A14B823C235AE003E9CB9 /* uk */ = {isa = PBXFileReference; lastKnownFileType = text.plist.strings; name = uk; path = uk.lproj/InfoPlist.strings; sourceTree = "<group>"; };
		9F4A14B923C235AE003E9CB9 /* uk */ = {isa = PBXFileReference; lastKnownFileType = text.plist.strings; name = uk; path = uk.lproj/JustMonika.strings; sourceTree = "<group>"; };
		9F6CC84823B9485A00540B08 /* JustMonikaNotifications.h */ = {isa = PBXFileReference; lastKnownFileType = sourcecode.c.h; path = JustMonikaNotifications.h; sourceTree = "<group>"; };
		9F6CC84923B9485A00540B08 /* JustMonikaNotifications.m */ = {isa = PBXFileReference; lastKnownFileType = sourcecode.c.objc; path = JustMonikaNotifications.m; sourceTree = "<group>"; };
		9FA5BF1423B8BCEA0019F956 /* ib_preview.png */ = {isa = PBXFileReference; lastKnownFileType = image.png; path = ib_preview.png; sourceTree = "<group>"; };
		9FB11303238F2EEB00E0FA7E /* texture.h */ = {isa = PBXFileReference; lastKnownFileType = sourcecode.c.h; path = texture.h; sourceTree = "<group>"; };
		9FB11304238F2EEB00E0FA7E /* texture.c */ = {isa = PBXFileReference; lastKnownFileType = sourcecode.c.c; path = texture.c; sourceTree = "<group>"; };
		9FB113122392E7DE00E0FA7E /* resource.h */ = {isa = PBXFileReference; lastKnownFileType = sourcecode.c.h; path = resource.h; sourceTree = "<group>"; };
		9FB113142392E94400E0FA7E /* resource_macos.m */ = {isa = PBXFileReference; lastKnownFileType = sourcecode.c.objc; path = resource_macos.m; sourceTree = "<group>"; };
		9FB1131F2392EFD200E0FA7E /* Monika */ = {isa = PBXFileReference; lastKnownFileType = folder; path = Monika; sourceTree = "<group>"; };
		9FB113212392F28300E0FA7E /* Shaders */ = {isa = PBXFileReference; lastKnownFileType = folder; path = Shaders; sourceTree = "<group>"; };
		9FB1132323939A8C00E0FA7E /* timer.h */ = {isa = PBXFileReference; lastKnownFileType = sourcecode.c.h; path = timer.h; sourceTree = "<group>"; };
		9FB1132423939A8C00E0FA7E /* timer.c */ = {isa = PBXFileReference; lastKnownFileType = sourcecode.c.c; path = timer.c; sourceTree = "<group>"; };
		BDE8E6A253D519005F87AF3A /* Pods-JustMonika.release.xcconfig */ = {isa = PBXFileReference; includeInIndex = 1; lastKnownFileType = text.xcconfig; name = "Pods-JustMonika.release.xcconfig"; path = "Target Support Files/Pods-JustMonika/Pods-JustMonika.release.xcconfig"; sourceTree = "<group>"; };
		C21473527FB785A62FDA48F0 /* Pods-JustMonika.debug.xcconfig */ = {isa = PBXFileReference; includeInIndex = 1; lastKnownFileType = text.xcconfig; name = "Pods-JustMonika.debug.xcconfig"; path = "Target Support Files/Pods-JustMonika/Pods-JustMonika.debug.xcconfig"; sourceTree = "<group>"; };
/* End PBXFileReference section */

/* Begin PBXFrameworksBuildPhase section */
		9F069C9B2381A7080081F32E /* Frameworks */ = {
			isa = PBXFrameworksBuildPhase;
			buildActionMask = 2147483647;
			files = (
				9F1A08BA23B7E25E007B6A80 /* UserNotifications.framework in Frameworks */,
				9F242B8023B279F000EF94D7 /* JustMonikaGL.framework in Frameworks */,
				9F1A08AF23B57F13007B6A80 /* Sparkle.framework in Frameworks */,
				7F1DE1403B2FBF0F2C40A9A8 /* libPods-JustMonika.a in Frameworks */,
			);
			runOnlyForDeploymentPostprocessing = 0;
		};
		9F069CAC2381B4090081F32E /* Frameworks */ = {
			isa = PBXFrameworksBuildPhase;
			buildActionMask = 2147483647;
			files = (
			);
			runOnlyForDeploymentPostprocessing = 0;
		};
		9F242B6023B275EE00EF94D7 /* Frameworks */ = {
			isa = PBXFrameworksBuildPhase;
			buildActionMask = 2147483647;
			files = (
				9F242B7D23B277D600EF94D7 /* OpenGL.framework in Frameworks */,
				90311291C839184E9D507CD4 /* libPods-JustMonika-JustMonikaGL.a in Frameworks */,
			);
			runOnlyForDeploymentPostprocessing = 0;
		};
/* End PBXFrameworksBuildPhase section */

/* Begin PBXGroup section */
		9F069C942381A7080081F32E = {
			isa = PBXGroup;
			children = (
				9F3FC41F238A0BA000AD0621 /* JustMonikaGL */,
				9F069CA02381A7080081F32E /* JustMonika */,
				9F069CB02381B4090081F32E /* JustMonikaPreview */,
				9F069C9F2381A7080081F32E /* Products */,
				9F069CC02381B61D0081F32E /* Frameworks */,
				D17BA13CEB5FA06B26B13846 /* Pods */,
			);
			sourceTree = "<group>";
		};
		9F069C9F2381A7080081F32E /* Products */ = {
			isa = PBXGroup;
			children = (
				9F069C9E2381A7080081F32E /* JustMonika.saver */,
				9F069CAF2381B4090081F32E /* JustMonikaPreview.app */,
				9F242B6323B275EE00EF94D7 /* JustMonikaGL.framework */,
			);
			name = Products;
			sourceTree = "<group>";
		};
		9F069CA02381A7080081F32E /* JustMonika */ = {
			isa = PBXGroup;
			children = (
				9F069CA52381A7080081F32E /* Info.plist */,
				9F33485623B2D57300368291 /* Source */,
				9F33485523B2D56A00368291 /* Resources */,
				9F4A14B023C2314D003E9CB9 /* Translations */,
			);
			path = JustMonika;
			sourceTree = "<group>";
		};
		9F069CB02381B4090081F32E /* JustMonikaPreview */ = {
			isa = PBXGroup;
			children = (
				9F069CB92381B40C0081F32E /* Info.plist */,
				9F33485323B2D4EE00368291 /* Source */,
				9F33485423B2D4F900368291 /* Resources */,
			);
			path = JustMonikaPreview;
			sourceTree = "<group>";
		};
		9F069CC02381B61D0081F32E /* Frameworks */ = {
			isa = PBXGroup;
			children = (
				9F1A08B923B7E25E007B6A80 /* UserNotifications.framework */,
				9F1A08AE23B57F13007B6A80 /* Sparkle.framework */,
				9F3FC447238A14A500AD0621 /* AppKit.framework */,
				9F3FC436238A118000AD0621 /* OpenGL.framework */,
				89EB2B0B5C632DD504788B57 /* libPods-JustMonika.a */,
				707419F7FEE43A90343AC9DB /* libPods-JustMonika-JustMonikaGL.a */,
			);
			name = Frameworks;
			sourceTree = "<group>";
		};
		9F33485323B2D4EE00368291 /* Source */ = {
			isa = PBXGroup;
			children = (
				9F069CB12381B4090081F32E /* AppDelegate.h */,
				9F069CB22381B4090081F32E /* AppDelegate.m */,
				9F069CBA2381B40C0081F32E /* main.m */,
			);
			path = Source;
			sourceTree = "<group>";
		};
		9F33485423B2D4F900368291 /* Resources */ = {
			isa = PBXGroup;
			children = (
				9F069CB42381B40C0081F32E /* Assets.xcassets */,
				9F069CBC2381B40C0081F32E /* JustMonikaPreview.entitlements */,
				9F069CB62381B40C0081F32E /* MainMenu.xib */,
			);
			path = Resources;
			sourceTree = "<group>";
		};
		9F33485523B2D56A00368291 /* Resources */ = {
			isa = PBXGroup;
			children = (
				9F4A148F23BBAB1D003E9CB9 /* ScreenSaverThumbFrame.png */,
				9F4A149123BBAB1E003E9CB9 /* ScreenSaverThumbFrame@2x.png */,
				9F4A149223BBAB1E003E9CB9 /* ScreenSaverThumbMask.png */,
				9F4A149023BBAB1E003E9CB9 /* ScreenSaverThumbMask@2x.png */,
				9FA5BF1423B8BCEA0019F956 /* ib_preview.png */,
				9F3958A323D157640026C6E8 /* icon.icns */,
				9F33485A23B3C25200368291 /* monika.chr */,
				9F242B5A23B26D7800EF94D7 /* thumbnail.png */,
				9F242B5B23B26D7800EF94D7 /* thumbnail@2x.png */,
			);
			path = Resources;
			sourceTree = "<group>";
		};
		9F33485623B2D57300368291 /* Source */ = {
			isa = PBXGroup;
			children = (
				9F069CA12381A7080081F32E /* JustMonikaView.h */,
				9F069CA32381A7080081F32E /* JustMonikaView.m */,
				9F3FC43F238A138100AD0621 /* JustMonikaGLView.h */,
				9F3FC445238A13DA00AD0621 /* JustMonikaGLView.m */,
				9F6CC84823B9485A00540B08 /* JustMonikaNotifications.h */,
				9F6CC84923B9485A00540B08 /* JustMonikaNotifications.m */,
				9F3FC3F82389596300AD0621 /* JustMonikaSettings.h */,
				9F3FC3F92389596300AD0621 /* JustMonikaSettings.m */,
				9F1A08B123B66691007B6A80 /* JustMonikaUpdater.h */,
				9F1A08B223B66691007B6A80 /* JustMonikaUpdater.m */,
				9F4A148723BB727A003E9CB9 /* NSBundle+Monika.h */,
				9F4A148823BB727A003E9CB9 /* NSBundle+Monika.m */,
				9F3FC3F42389506300AD0621 /* NSView+Subviews.h */,
				9F3FC3F52389506300AD0621 /* NSView+Subviews.m */,
				9F4A148B23BB7F77003E9CB9 /* NSView+Thumbnails.h */,
				9F4A148C23BB7F77003E9CB9 /* NSView+Thumbnails.m */,
			);
			path = Source;
			sourceTree = "<group>";
		};
		9F3FC406238A089100AD0621 /* include */ = {
			isa = PBXGroup;
			children = (
				9F3FC409238A090500AD0621 /* JustMonikaGL */,
			);
			path = include;
			sourceTree = "<group>";
		};
		9F3FC407238A08A700AD0621 /* src */ = {
			isa = PBXGroup;
			children = (
				9F3FC40A238A0A3F00AD0621 /* context.h */,
				9F3FC40B238A0A8300AD0621 /* context.c */,
				9F3FC42B238A100C00AD0621 /* init.h */,
				9F3FC42C238A100C00AD0621 /* init.c */,
				9F3FC431238A109D00AD0621 /* draw.h */,
				9F3FC432238A109D00AD0621 /* draw.c */,
				9F3FC453238AF2AE00AD0621 /* opengl.h */,
				9F3FC455238C908F00AD0621 /* matrix.h */,
				9F3FC456238C908F00AD0621 /* matrix.c */,
				9F3FC459238C929D00AD0621 /* shader.h */,
				9F3FC45A238C929D00AD0621 /* shader.c */,
				9FB11303238F2EEB00E0FA7E /* texture.h */,
				9FB11304238F2EEB00E0FA7E /* texture.c */,
				9FB113122392E7DE00E0FA7E /* resource.h */,
				9FB113142392E94400E0FA7E /* resource_macos.m */,
				9FB1132323939A8C00E0FA7E /* timer.h */,
				9FB1132423939A8C00E0FA7E /* timer.c */,
			);
			path = src;
			sourceTree = "<group>";
		};
		9F3FC409238A090500AD0621 /* JustMonikaGL */ = {
			isa = PBXGroup;
			children = (
				9F3FC420238A0BA000AD0621 /* JustMonikaGL.h */,
			);
			path = JustMonikaGL;
			sourceTree = "<group>";
		};
		9F3FC41F238A0BA000AD0621 /* JustMonikaGL */ = {
			isa = PBXGroup;
			children = (
				9F1A08A123B3E264007B6A80 /* Info.plist */,
				9F3FC406238A089100AD0621 /* include */,
				9F3FC407238A08A700AD0621 /* src */,
				9FB113182392EF1B00E0FA7E /* res */,
			);
			path = JustMonikaGL;
			sourceTree = "<group>";
		};
		9F4A14B023C2314D003E9CB9 /* Translations */ = {
			isa = PBXGroup;
			children = (
				9F4A14A623C0FB8E003E9CB9 /* InfoPlist.strings */,
				9F4A149E23C0F201003E9CB9 /* JustMonika.strings */,
				9F4A149B23C0E987003E9CB9 /* sheet.xib */,
			);
			path = Translations;
			sourceTree = "<group>";
		};
		9FB113182392EF1B00E0FA7E /* res */ = {
			isa = PBXGroup;
			children = (
				9FB1131F2392EFD200E0FA7E /* Monika */,
				9FB113212392F28300E0FA7E /* Shaders */,
			);
			path = res;
			sourceTree = "<group>";
		};
		D17BA13CEB5FA06B26B13846 /* Pods */ = {
			isa = PBXGroup;
			children = (
				C21473527FB785A62FDA48F0 /* Pods-JustMonika.debug.xcconfig */,
				BDE8E6A253D519005F87AF3A /* Pods-JustMonika.release.xcconfig */,
				53602FE507F4F77028C3C821 /* Pods-JustMonika-JustMonikaGL.debug.xcconfig */,
				3217C32AC8FB40E8770CA75B /* Pods-JustMonika-JustMonikaGL.release.xcconfig */,
			);
			path = Pods;
			sourceTree = "<group>";
		};
/* End PBXGroup section */

/* Begin PBXHeadersBuildPhase section */
		9F069C992381A7080081F32E /* Headers */ = {
			isa = PBXHeadersBuildPhase;
			buildActionMask = 2147483647;
			files = (
				9F069CA22381A7080081F32E /* JustMonikaView.h in Headers */,
				9F33485223B2CEF100368291 /* JustMonikaGLView.h in Headers */,
				9F3FC3FA2389596300AD0621 /* JustMonikaSettings.h in Headers */,
				9F1A08B323B66691007B6A80 /* JustMonikaUpdater.h in Headers */,
				9F6CC84A23B9485A00540B08 /* JustMonikaNotifications.h in Headers */,
				9F4A148923BB727A003E9CB9 /* NSBundle+Monika.h in Headers */,
				9F4A148D23BB7F77003E9CB9 /* NSView+Thumbnails.h in Headers */,
				9F3FC3F62389506300AD0621 /* NSView+Subviews.h in Headers */,
			);
			runOnlyForDeploymentPostprocessing = 0;
		};
		9F242B5E23B275EE00EF94D7 /* Headers */ = {
			isa = PBXHeadersBuildPhase;
			buildActionMask = 2147483647;
			files = (
				9F242B6B23B276B300EF94D7 /* JustMonikaGL.h in Headers */,
				9F242B6C23B276C000EF94D7 /* context.h in Headers */,
				9F242B6D23B276C200EF94D7 /* init.h in Headers */,
				9F242B6E23B276C500EF94D7 /* draw.h in Headers */,
				9F242B6F23B276C900EF94D7 /* opengl.h in Headers */,
				9F242B7023B276CB00EF94D7 /* matrix.h in Headers */,
				9F242B7123B276D000EF94D7 /* shader.h in Headers */,
				9F242B7223B276D600EF94D7 /* texture.h in Headers */,
				9F242B7323B276D900EF94D7 /* resource.h in Headers */,
				9F242B7423B276DB00EF94D7 /* timer.h in Headers */,
			);
			runOnlyForDeploymentPostprocessing = 0;
		};
/* End PBXHeadersBuildPhase section */

/* Begin PBXNativeTarget section */
		9F069C9D2381A7080081F32E /* JustMonika */ = {
			isa = PBXNativeTarget;
			buildConfigurationList = 9F069CA82381A7080081F32E /* Build configuration list for PBXNativeTarget "JustMonika" */;
			buildPhases = (
				67AF41F6CC5F83726B1471B6 /* [CP] Check Pods Manifest.lock */,
				9F069C992381A7080081F32E /* Headers */,
				9F069C9A2381A7080081F32E /* Sources */,
				9F069C9B2381A7080081F32E /* Frameworks */,
				9F069C9C2381A7080081F32E /* Resources */,
				9F242B8423B279F000EF94D7 /* Embed Frameworks */,
				9FA5BF1623B8D60F0019F956 /* Sign Embedded Frameworks */,
			);
			buildRules = (
			);
			dependencies = (
				9F242B8323B279F000EF94D7 /* PBXTargetDependency */,
			);
			name = JustMonika;
			productName = JustMonika;
			productReference = 9F069C9E2381A7080081F32E /* JustMonika.saver */;
			productType = "com.apple.product-type.bundle";
		};
		9F069CAE2381B4090081F32E /* JustMonikaPreview */ = {
			isa = PBXNativeTarget;
			buildConfigurationList = 9F069CBD2381B40C0081F32E /* Build configuration list for PBXNativeTarget "JustMonikaPreview" */;
			buildPhases = (
				9F069CAB2381B4090081F32E /* Sources */,
				9F069CAC2381B4090081F32E /* Frameworks */,
				9F069CAD2381B4090081F32E /* Resources */,
				9FB113362393D8AF00E0FA7E /* Embed PlugIns */,
			);
			buildRules = (
			);
			dependencies = (
				9FB113352393D8AF00E0FA7E /* PBXTargetDependency */,
			);
			name = JustMonikaPreview;
			productName = JustMonikaPreview;
			productReference = 9F069CAF2381B4090081F32E /* JustMonikaPreview.app */;
			productType = "com.apple.product-type.application";
		};
		9F242B6223B275EE00EF94D7 /* JustMonikaGL */ = {
			isa = PBXNativeTarget;
			buildConfigurationList = 9F242B6823B275EE00EF94D7 /* Build configuration list for PBXNativeTarget "JustMonikaGL" */;
			buildPhases = (
				CA491EC2226C6DB07B0C1534 /* [CP] Check Pods Manifest.lock */,
				9F242B5E23B275EE00EF94D7 /* Headers */,
				9F242B5F23B275EE00EF94D7 /* Sources */,
				9F242B6023B275EE00EF94D7 /* Frameworks */,
				9F242B6123B275EE00EF94D7 /* Resources */,
				9FCA72AE23B2A0FD0063E773 /* Embed Frameworks */,
			);
			buildRules = (
			);
			dependencies = (
			);
			name = JustMonikaGL;
			productName = JustMonikaGL;
			productReference = 9F242B6323B275EE00EF94D7 /* JustMonikaGL.framework */;
			productType = "com.apple.product-type.framework";
		};
/* End PBXNativeTarget section */

/* Begin PBXProject section */
		9F069C952381A7080081F32E /* Project object */ = {
			isa = PBXProject;
			attributes = {
				LastUpgradeCheck = 1120;
				ORGANIZATIONNAME = "ilammy's tearoom";
				TargetAttributes = {
					9F069C9D2381A7080081F32E = {
						CreatedOnToolsVersion = 11.2.1;
					};
					9F069CAE2381B4090081F32E = {
						CreatedOnToolsVersion = 11.2.1;
					};
					9F242B6223B275EE00EF94D7 = {
						CreatedOnToolsVersion = 11.2.1;
					};
				};
			};
			buildConfigurationList = 9F069C982381A7080081F32E /* Build configuration list for PBXProject "JustMonika" */;
			compatibilityVersion = "Xcode 9.3";
			developmentRegion = en;
			hasScannedForEncodings = 0;
			knownRegions = (
				en,
				Base,
				ja,
				ru,
				uk,
			);
			mainGroup = 9F069C942381A7080081F32E;
			productRefGroup = 9F069C9F2381A7080081F32E /* Products */;
			projectDirPath = "";
			projectRoot = "";
			targets = (
				9F069C9D2381A7080081F32E /* JustMonika */,
				9F242B6223B275EE00EF94D7 /* JustMonikaGL */,
				9F069CAE2381B4090081F32E /* JustMonikaPreview */,
			);
		};
/* End PBXProject section */

/* Begin PBXResourcesBuildPhase section */
		9F069C9C2381A7080081F32E /* Resources */ = {
			isa = PBXResourcesBuildPhase;
			buildActionMask = 2147483647;
			files = (
				9FA5BF1523B8BCEA0019F956 /* ib_preview.png in Resources */,
				9F242B5C23B26D7800EF94D7 /* thumbnail.png in Resources */,
				9F242B5D23B26D7800EF94D7 /* thumbnail@2x.png in Resources */,
				9F4A149623BBAB1E003E9CB9 /* ScreenSaverThumbMask.png in Resources */,
				9F4A149423BBAB1E003E9CB9 /* ScreenSaverThumbMask@2x.png in Resources */,
				9F3958A423D157640026C6E8 /* icon.icns in Resources */,
				9F4A149323BBAB1E003E9CB9 /* ScreenSaverThumbFrame.png in Resources */,
				9F4A149523BBAB1E003E9CB9 /* ScreenSaverThumbFrame@2x.png in Resources */,
				9F33485B23B3C25200368291 /* monika.chr in Resources */,
				9F4A149923C0E987003E9CB9 /* sheet.xib in Resources */,
				9F4A14A423C0FB8E003E9CB9 /* InfoPlist.strings in Resources */,
				9F4A14A023C0F201003E9CB9 /* JustMonika.strings in Resources */,
			);
			runOnlyForDeploymentPostprocessing = 0;
		};
		9F069CAD2381B4090081F32E /* Resources */ = {
			isa = PBXResourcesBuildPhase;
			buildActionMask = 2147483647;
			files = (
				9F069CB52381B40C0081F32E /* Assets.xcassets in Resources */,
				9F069CB82381B40C0081F32E /* MainMenu.xib in Resources */,
			);
			runOnlyForDeploymentPostprocessing = 0;
		};
		9F242B6123B275EE00EF94D7 /* Resources */ = {
			isa = PBXResourcesBuildPhase;
			buildActionMask = 2147483647;
			files = (
				9F242B8523B2832100EF94D7 /* Monika in Resources */,
				9F242B8623B2832400EF94D7 /* Shaders in Resources */,
			);
			runOnlyForDeploymentPostprocessing = 0;
		};
/* End PBXResourcesBuildPhase section */

/* Begin PBXShellScriptBuildPhase section */
		67AF41F6CC5F83726B1471B6 /* [CP] Check Pods Manifest.lock */ = {
			isa = PBXShellScriptBuildPhase;
			buildActionMask = 2147483647;
			files = (
			);
			inputFileListPaths = (
			);
			inputPaths = (
				"${PODS_PODFILE_DIR_PATH}/Podfile.lock",
				"${PODS_ROOT}/Manifest.lock",
			);
			name = "[CP] Check Pods Manifest.lock";
			outputFileListPaths = (
			);
			outputPaths = (
				"$(DERIVED_FILE_DIR)/Pods-JustMonika-checkManifestLockResult.txt",
			);
			runOnlyForDeploymentPostprocessing = 0;
			shellPath = /bin/sh;
			shellScript = "diff \"${PODS_PODFILE_DIR_PATH}/Podfile.lock\" \"${PODS_ROOT}/Manifest.lock\" > /dev/null\nif [ $? != 0 ] ; then\n    # print error to STDERR\n    echo \"error: The sandbox is not in sync with the Podfile.lock. Run 'pod install' or update your CocoaPods installation.\" >&2\n    exit 1\nfi\n# This output is used by Xcode 'outputs' to avoid re-running this script phase.\necho \"SUCCESS\" > \"${SCRIPT_OUTPUT_FILE_0}\"\n";
			showEnvVarsInLog = 0;
		};
		9FA5BF1623B8D60F0019F956 /* Sign Embedded Frameworks */ = {
			isa = PBXShellScriptBuildPhase;
			buildActionMask = 2147483647;
			files = (
			);
			inputFileListPaths = (
			);
			inputPaths = (
			);
			name = "Sign Embedded Frameworks";
			outputFileListPaths = (
			);
			outputPaths = (
			);
			runOnlyForDeploymentPostprocessing = 0;
			shellPath = /bin/sh;
			shellScript = "# Sparkle includes an Autoupdate binary which is not signed\n# by Xcode on copy. Sign all embedded frameworks manually.\ncodesign --verbose --force --deep --sign \"$CODE_SIGN_IDENTITY\" \\\n    \"${BUILT_PRODUCTS_DIR}/${FRAMEWORKS_FOLDER_PATH}\"/*\n";
		};
		CA491EC2226C6DB07B0C1534 /* [CP] Check Pods Manifest.lock */ = {
			isa = PBXShellScriptBuildPhase;
			buildActionMask = 2147483647;
			files = (
			);
			inputFileListPaths = (
			);
			inputPaths = (
				"${PODS_PODFILE_DIR_PATH}/Podfile.lock",
				"${PODS_ROOT}/Manifest.lock",
			);
			name = "[CP] Check Pods Manifest.lock";
			outputFileListPaths = (
			);
			outputPaths = (
				"$(DERIVED_FILE_DIR)/Pods-JustMonika-JustMonikaGL-checkManifestLockResult.txt",
			);
			runOnlyForDeploymentPostprocessing = 0;
			shellPath = /bin/sh;
			shellScript = "diff \"${PODS_PODFILE_DIR_PATH}/Podfile.lock\" \"${PODS_ROOT}/Manifest.lock\" > /dev/null\nif [ $? != 0 ] ; then\n    # print error to STDERR\n    echo \"error: The sandbox is not in sync with the Podfile.lock. Run 'pod install' or update your CocoaPods installation.\" >&2\n    exit 1\nfi\n# This output is used by Xcode 'outputs' to avoid re-running this script phase.\necho \"SUCCESS\" > \"${SCRIPT_OUTPUT_FILE_0}\"\n";
			showEnvVarsInLog = 0;
		};
/* End PBXShellScriptBuildPhase section */

/* Begin PBXSourcesBuildPhase section */
		9F069C9A2381A7080081F32E /* Sources */ = {
			isa = PBXSourcesBuildPhase;
			buildActionMask = 2147483647;
			files = (
				9F4A148E23BB7F77003E9CB9 /* NSView+Thumbnails.m in Sources */,
				9FB113292393D36500E0FA7E /* JustMonikaGLView.m in Sources */,
				9F6CC84B23B9485A00540B08 /* JustMonikaNotifications.m in Sources */,
				9F4A148A23BB727A003E9CB9 /* NSBundle+Monika.m in Sources */,
				9F3FC3FB2389596300AD0621 /* JustMonikaSettings.m in Sources */,
				9F3FC3F72389506300AD0621 /* NSView+Subviews.m in Sources */,
				9F1A08B423B66691007B6A80 /* JustMonikaUpdater.m in Sources */,
				9F069CA42381A7080081F32E /* JustMonikaView.m in Sources */,
			);
			runOnlyForDeploymentPostprocessing = 0;
		};
		9F069CAB2381B4090081F32E /* Sources */ = {
			isa = PBXSourcesBuildPhase;
			buildActionMask = 2147483647;
			files = (
				9F069CBB2381B40C0081F32E /* main.m in Sources */,
				9F069CB32381B4090081F32E /* AppDelegate.m in Sources */,
			);
			runOnlyForDeploymentPostprocessing = 0;
		};
		9F242B5F23B275EE00EF94D7 /* Sources */ = {
			isa = PBXSourcesBuildPhase;
			buildActionMask = 2147483647;
			files = (
				9F242B7523B276EE00EF94D7 /* context.c in Sources */,
				9F242B7623B276F000EF94D7 /* init.c in Sources */,
				9F242B7723B276F300EF94D7 /* draw.c in Sources */,
				9F242B7823B276F600EF94D7 /* matrix.c in Sources */,
				9F242B7923B276FA00EF94D7 /* shader.c in Sources */,
				9F242B7A23B276FD00EF94D7 /* texture.c in Sources */,
				9F242B7B23B2770000EF94D7 /* resource_macos.m in Sources */,
				9F242B7C23B2770200EF94D7 /* timer.c in Sources */,
			);
			runOnlyForDeploymentPostprocessing = 0;
		};
/* End PBXSourcesBuildPhase section */

/* Begin PBXTargetDependency section */
		9F242B8323B279F000EF94D7 /* PBXTargetDependency */ = {
			isa = PBXTargetDependency;
			target = 9F242B6223B275EE00EF94D7 /* JustMonikaGL */;
			targetProxy = 9F242B8223B279F000EF94D7 /* PBXContainerItemProxy */;
		};
		9FB113352393D8AF00E0FA7E /* PBXTargetDependency */ = {
			isa = PBXTargetDependency;
			target = 9F069C9D2381A7080081F32E /* JustMonika */;
			targetProxy = 9FB113342393D8AF00E0FA7E /* PBXContainerItemProxy */;
		};
/* End PBXTargetDependency section */

/* Begin PBXVariantGroup section */
		9F069CB62381B40C0081F32E /* MainMenu.xib */ = {
			isa = PBXVariantGroup;
			children = (
				9F069CB72381B40C0081F32E /* Base */,
			);
			name = MainMenu.xib;
			sourceTree = "<group>";
		};
		9F4A149B23C0E987003E9CB9 /* sheet.xib */ = {
			isa = PBXVariantGroup;
			children = (
				9F4A149A23C0E987003E9CB9 /* Base */,
				9F4A149D23C0E9B4003E9CB9 /* en */,
				9F4A14B123C2359C003E9CB9 /* ja */,
				9F4A14B423C235A6003E9CB9 /* ru */,
				9F4A14B723C235AE003E9CB9 /* uk */,
			);
			name = sheet.xib;
			sourceTree = "<group>";
		};
		9F4A149E23C0F201003E9CB9 /* JustMonika.strings */ = {
			isa = PBXVariantGroup;
			children = (
				9F4A149F23C0F201003E9CB9 /* Base */,
				9F4A14A123C0F209003E9CB9 /* en */,
				9F4A14B323C2359C003E9CB9 /* ja */,
				9F4A14B623C235A6003E9CB9 /* ru */,
				9F4A14B923C235AE003E9CB9 /* uk */,
			);
			name = JustMonika.strings;
			sourceTree = "<group>";
		};
		9F4A14A623C0FB8E003E9CB9 /* InfoPlist.strings */ = {
			isa = PBXVariantGroup;
			children = (
				9F4A14A523C0FB8E003E9CB9 /* en */,
				9F4A14B223C2359C003E9CB9 /* ja */,
				9F4A14B523C235A6003E9CB9 /* ru */,
				9F4A14B823C235AE003E9CB9 /* uk */,
			);
			name = InfoPlist.strings;
			sourceTree = "<group>";
		};
/* End PBXVariantGroup section */

/* Begin XCBuildConfiguration section */
		9F069CA62381A7080081F32E /* Debug */ = {
			isa = XCBuildConfiguration;
			buildSettings = {
				ALWAYS_SEARCH_USER_PATHS = NO;
				APPLY_RULES_IN_COPY_FILES = YES;
				CLANG_ANALYZER_LOCALIZABILITY_NONLOCALIZED = YES;
				CLANG_ANALYZER_NONNULL = YES;
				CLANG_ANALYZER_NUMBER_OBJECT_CONVERSION = YES_AGGRESSIVE;
				CLANG_CXX_LANGUAGE_STANDARD = "gnu++14";
				CLANG_CXX_LIBRARY = "libc++";
				CLANG_ENABLE_MODULES = YES;
				CLANG_ENABLE_OBJC_ARC = YES;
				CLANG_ENABLE_OBJC_WEAK = YES;
				CLANG_WARN_BLOCK_CAPTURE_AUTORELEASING = YES;
				CLANG_WARN_BOOL_CONVERSION = YES;
				CLANG_WARN_COMMA = YES;
				CLANG_WARN_CONSTANT_CONVERSION = YES;
				CLANG_WARN_DEPRECATED_OBJC_IMPLEMENTATIONS = YES;
				CLANG_WARN_DIRECT_OBJC_ISA_USAGE = YES_ERROR;
				CLANG_WARN_DOCUMENTATION_COMMENTS = YES;
				CLANG_WARN_EMPTY_BODY = YES;
				CLANG_WARN_ENUM_CONVERSION = YES;
				CLANG_WARN_INFINITE_RECURSION = YES;
				CLANG_WARN_INT_CONVERSION = YES;
				CLANG_WARN_NON_LITERAL_NULL_CONVERSION = YES;
				CLANG_WARN_OBJC_IMPLICIT_RETAIN_SELF = YES;
				CLANG_WARN_OBJC_LITERAL_CONVERSION = YES;
				CLANG_WARN_OBJC_ROOT_CLASS = YES_ERROR;
				CLANG_WARN_RANGE_LOOP_ANALYSIS = YES;
				CLANG_WARN_STRICT_PROTOTYPES = YES;
				CLANG_WARN_SUSPICIOUS_MOVE = YES;
				CLANG_WARN_UNGUARDED_AVAILABILITY = YES_AGGRESSIVE;
				CLANG_WARN_UNREACHABLE_CODE = YES;
				CLANG_WARN__DUPLICATE_METHOD_MATCH = YES;
				COPY_PHASE_STRIP = NO;
				DEBUG_INFORMATION_FORMAT = dwarf;
				ENABLE_STRICT_OBJC_MSGSEND = YES;
				ENABLE_TESTABILITY = YES;
				GCC_C_LANGUAGE_STANDARD = gnu11;
				GCC_DYNAMIC_NO_PIC = NO;
				GCC_NO_COMMON_BLOCKS = YES;
				GCC_OPTIMIZATION_LEVEL = 0;
				GCC_PREPROCESSOR_DEFINITIONS = (
					"DEBUG=1",
					"$(inherited)",
				);
				GCC_WARN_64_TO_32_BIT_CONVERSION = YES;
				GCC_WARN_ABOUT_RETURN_TYPE = YES_ERROR;
				GCC_WARN_UNDECLARED_SELECTOR = YES;
				GCC_WARN_UNINITIALIZED_AUTOS = YES_AGGRESSIVE;
				GCC_WARN_UNUSED_FUNCTION = YES;
				GCC_WARN_UNUSED_VARIABLE = YES;
				MACOSX_DEPLOYMENT_TARGET = 10.12;
				MTL_ENABLE_DEBUG_INFO = INCLUDE_SOURCE;
				MTL_FAST_MATH = YES;
				ONLY_ACTIVE_ARCH = YES;
				SDKROOT = macosx;
				STRINGS_FILE_OUTPUT_ENCODING = "UTF-16";
			};
			name = Debug;
		};
		9F069CA72381A7080081F32E /* Release */ = {
			isa = XCBuildConfiguration;
			buildSettings = {
				ALWAYS_SEARCH_USER_PATHS = NO;
				APPLY_RULES_IN_COPY_FILES = YES;
				CLANG_ANALYZER_LOCALIZABILITY_NONLOCALIZED = YES;
				CLANG_ANALYZER_NONNULL = YES;
				CLANG_ANALYZER_NUMBER_OBJECT_CONVERSION = YES_AGGRESSIVE;
				CLANG_CXX_LANGUAGE_STANDARD = "gnu++14";
				CLANG_CXX_LIBRARY = "libc++";
				CLANG_ENABLE_MODULES = YES;
				CLANG_ENABLE_OBJC_ARC = YES;
				CLANG_ENABLE_OBJC_WEAK = YES;
				CLANG_WARN_BLOCK_CAPTURE_AUTORELEASING = YES;
				CLANG_WARN_BOOL_CONVERSION = YES;
				CLANG_WARN_COMMA = YES;
				CLANG_WARN_CONSTANT_CONVERSION = YES;
				CLANG_WARN_DEPRECATED_OBJC_IMPLEMENTATIONS = YES;
				CLANG_WARN_DIRECT_OBJC_ISA_USAGE = YES_ERROR;
				CLANG_WARN_DOCUMENTATION_COMMENTS = YES;
				CLANG_WARN_EMPTY_BODY = YES;
				CLANG_WARN_ENUM_CONVERSION = YES;
				CLANG_WARN_INFINITE_RECURSION = YES;
				CLANG_WARN_INT_CONVERSION = YES;
				CLANG_WARN_NON_LITERAL_NULL_CONVERSION = YES;
				CLANG_WARN_OBJC_IMPLICIT_RETAIN_SELF = YES;
				CLANG_WARN_OBJC_LITERAL_CONVERSION = YES;
				CLANG_WARN_OBJC_ROOT_CLASS = YES_ERROR;
				CLANG_WARN_RANGE_LOOP_ANALYSIS = YES;
				CLANG_WARN_STRICT_PROTOTYPES = YES;
				CLANG_WARN_SUSPICIOUS_MOVE = YES;
				CLANG_WARN_UNGUARDED_AVAILABILITY = YES_AGGRESSIVE;
				CLANG_WARN_UNREACHABLE_CODE = YES;
				CLANG_WARN__DUPLICATE_METHOD_MATCH = YES;
				COPY_PHASE_STRIP = NO;
				DEBUG_INFORMATION_FORMAT = "dwarf-with-dsym";
				ENABLE_NS_ASSERTIONS = NO;
				ENABLE_STRICT_OBJC_MSGSEND = YES;
				GCC_C_LANGUAGE_STANDARD = gnu11;
				GCC_NO_COMMON_BLOCKS = YES;
				GCC_WARN_64_TO_32_BIT_CONVERSION = YES;
				GCC_WARN_ABOUT_RETURN_TYPE = YES_ERROR;
				GCC_WARN_UNDECLARED_SELECTOR = YES;
				GCC_WARN_UNINITIALIZED_AUTOS = YES_AGGRESSIVE;
				GCC_WARN_UNUSED_FUNCTION = YES;
				GCC_WARN_UNUSED_VARIABLE = YES;
				MACOSX_DEPLOYMENT_TARGET = 10.12;
				MTL_ENABLE_DEBUG_INFO = NO;
				MTL_FAST_MATH = YES;
				SDKROOT = macosx;
				STRINGS_FILE_OUTPUT_ENCODING = "UTF-16";
			};
			name = Release;
		};
		9F069CA92381A7080081F32E /* Debug */ = {
			isa = XCBuildConfiguration;
			baseConfigurationReference = C21473527FB785A62FDA48F0 /* Pods-JustMonika.debug.xcconfig */;
			buildSettings = {
				CODE_SIGN_IDENTITY = "Apple Development";
				CODE_SIGN_STYLE = Automatic;
				COMBINE_HIDPI_IMAGES = YES;
				CURRENT_PROJECT_VERSION = 3;
				DEVELOPMENT_TEAM = 6ZBRQV5H93;
				FRAMEWORK_SEARCH_PATHS = (
					"$(inherited)",
					"$(PROJECT_DIR)/Pods/Sparkle",
				);
				INFOPLIST_FILE = JustMonika/Info.plist;
				INSTALL_PATH = "$(HOME)/Library/Screen Savers";
				LD_RUNPATH_SEARCH_PATHS = (
					"$(inherited)",
					"@executable_path/../Frameworks",
					"@loader_path/../Frameworks",
				);
				MARKETING_VERSION = "1.2-dev";
				PRODUCT_BUNDLE_IDENTIFIER = net.ilammy.JustMonika;
				PRODUCT_NAME = "$(TARGET_NAME)";
				WRAPPER_EXTENSION = saver;
			};
			name = Debug;
		};
		9F069CAA2381A7080081F32E /* Release */ = {
			isa = XCBuildConfiguration;
			baseConfigurationReference = BDE8E6A253D519005F87AF3A /* Pods-JustMonika.release.xcconfig */;
			buildSettings = {
				CODE_SIGN_IDENTITY = "Apple Development";
				CODE_SIGN_STYLE = Automatic;
				COMBINE_HIDPI_IMAGES = YES;
				CURRENT_PROJECT_VERSION = 3;
				DEVELOPMENT_TEAM = 6ZBRQV5H93;
				FRAMEWORK_SEARCH_PATHS = (
					"$(inherited)",
					"$(PROJECT_DIR)/Pods/Sparkle",
				);
				INFOPLIST_FILE = JustMonika/Info.plist;
				INSTALL_PATH = "$(HOME)/Library/Screen Savers";
				LD_RUNPATH_SEARCH_PATHS = (
					"$(inherited)",
					"@executable_path/../Frameworks",
					"@loader_path/../Frameworks",
				);
				MARKETING_VERSION = "1.2-dev";
				PRODUCT_BUNDLE_IDENTIFIER = net.ilammy.JustMonika;
				PRODUCT_NAME = "$(TARGET_NAME)";
				WRAPPER_EXTENSION = saver;
			};
			name = Release;
		};
		9F069CBE2381B40C0081F32E /* Debug */ = {
			isa = XCBuildConfiguration;
			buildSettings = {
				ASSETCATALOG_COMPILER_APPICON_NAME = AppIcon;
				CODE_SIGN_ENTITLEMENTS = JustMonikaPreview/Resources/JustMonikaPreview.entitlements;
				CODE_SIGN_IDENTITY = "Apple Development";
				CODE_SIGN_STYLE = Automatic;
				COMBINE_HIDPI_IMAGES = YES;
				DEVELOPMENT_TEAM = 6ZBRQV5H93;
				ENABLE_HARDENED_RUNTIME = YES;
				INFOPLIST_FILE = JustMonikaPreview/Info.plist;
				LD_RUNPATH_SEARCH_PATHS = (
					"$(inherited)",
					"@executable_path/../Frameworks",
				);
				PRODUCT_BUNDLE_IDENTIFIER = net.ilammy.JustMonikaPreview;
				PRODUCT_NAME = "$(TARGET_NAME)";
			};
			name = Debug;
		};
		9F069CBF2381B40C0081F32E /* Release */ = {
			isa = XCBuildConfiguration;
			buildSettings = {
				ASSETCATALOG_COMPILER_APPICON_NAME = AppIcon;
				CODE_SIGN_ENTITLEMENTS = JustMonikaPreview/Resources/JustMonikaPreview.entitlements;
				CODE_SIGN_STYLE = Automatic;
				COMBINE_HIDPI_IMAGES = YES;
				DEVELOPMENT_TEAM = 6ZBRQV5H93;
				ENABLE_HARDENED_RUNTIME = YES;
				INFOPLIST_FILE = JustMonikaPreview/Info.plist;
				LD_RUNPATH_SEARCH_PATHS = (
					"$(inherited)",
					"@executable_path/../Frameworks",
				);
				PRODUCT_BUNDLE_IDENTIFIER = net.ilammy.JustMonikaPreview;
				PRODUCT_NAME = "$(TARGET_NAME)";
			};
			name = Release;
		};
		9F242B6923B275EE00EF94D7 /* Debug */ = {
			isa = XCBuildConfiguration;
			baseConfigurationReference = 53602FE507F4F77028C3C821 /* Pods-JustMonika-JustMonikaGL.debug.xcconfig */;
			buildSettings = {
				CODE_SIGN_IDENTITY = "Apple Development";
				CODE_SIGN_STYLE = Automatic;
				COMBINE_HIDPI_IMAGES = YES;
				CURRENT_PROJECT_VERSION = 3;
				DEFINES_MODULE = YES;
				DEVELOPMENT_TEAM = 6ZBRQV5H93;
				DYLIB_COMPATIBILITY_VERSION = 1;
				DYLIB_CURRENT_VERSION = 1;
				DYLIB_INSTALL_NAME_BASE = "@rpath";
				GCC_C_LANGUAGE_STANDARD = c99;
				INFOPLIST_FILE = JustMonikaGL/Info.plist;
				INSTALL_PATH = "$(LOCAL_LIBRARY_DIR)/Frameworks";
				LD_RUNPATH_SEARCH_PATHS = (
					"$(inherited)",
					"@executable_path/../Frameworks",
					"@loader_path/Frameworks",
				);
				MARKETING_VERSION = "1.2-dev";
				PRODUCT_BUNDLE_IDENTIFIER = net.ilammy.JustMonikaGL;
				PRODUCT_NAME = "$(TARGET_NAME:c99extidentifier)";
				SKIP_INSTALL = YES;
				VERSIONING_SYSTEM = "apple-generic";
				VERSION_INFO_PREFIX = "";
			};
			name = Debug;
		};
		9F242B6A23B275EE00EF94D7 /* Release */ = {
			isa = XCBuildConfiguration;
			baseConfigurationReference = 3217C32AC8FB40E8770CA75B /* Pods-JustMonika-JustMonikaGL.release.xcconfig */;
			buildSettings = {
				CODE_SIGN_STYLE = Automatic;
				COMBINE_HIDPI_IMAGES = YES;
				CURRENT_PROJECT_VERSION = 3;
				DEFINES_MODULE = YES;
				DEVELOPMENT_TEAM = 6ZBRQV5H93;
				DYLIB_COMPATIBILITY_VERSION = 1;
				DYLIB_CURRENT_VERSION = 1;
				DYLIB_INSTALL_NAME_BASE = "@rpath";
				GCC_C_LANGUAGE_STANDARD = c99;
				INFOPLIST_FILE = JustMonikaGL/Info.plist;
				INSTALL_PATH = "$(LOCAL_LIBRARY_DIR)/Frameworks";
				LD_RUNPATH_SEARCH_PATHS = (
					"$(inherited)",
					"@executable_path/../Frameworks",
					"@loader_path/Frameworks",
				);
				MARKETING_VERSION = "1.2-dev";
				PRODUCT_BUNDLE_IDENTIFIER = net.ilammy.JustMonikaGL;
				PRODUCT_NAME = "$(TARGET_NAME:c99extidentifier)";
				SKIP_INSTALL = YES;
				VERSIONING_SYSTEM = "apple-generic";
				VERSION_INFO_PREFIX = "";
			};
			name = Release;
		};
/* End XCBuildConfiguration section */

/* Begin XCConfigurationList section */
		9F069C982381A7080081F32E /* Build configuration list for PBXProject "JustMonika" */ = {
			isa = XCConfigurationList;
			buildConfigurations = (
				9F069CA62381A7080081F32E /* Debug */,
				9F069CA72381A7080081F32E /* Release */,
			);
			defaultConfigurationIsVisible = 0;
			defaultConfigurationName = Release;
		};
		9F069CA82381A7080081F32E /* Build configuration list for PBXNativeTarget "JustMonika" */ = {
			isa = XCConfigurationList;
			buildConfigurations = (
				9F069CA92381A7080081F32E /* Debug */,
				9F069CAA2381A7080081F32E /* Release */,
			);
			defaultConfigurationIsVisible = 0;
			defaultConfigurationName = Release;
		};
		9F069CBD2381B40C0081F32E /* Build configuration list for PBXNativeTarget "JustMonikaPreview" */ = {
			isa = XCConfigurationList;
			buildConfigurations = (
				9F069CBE2381B40C0081F32E /* Debug */,
				9F069CBF2381B40C0081F32E /* Release */,
			);
			defaultConfigurationIsVisible = 0;
			defaultConfigurationName = Release;
		};
		9F242B6823B275EE00EF94D7 /* Build configuration list for PBXNativeTarget "JustMonikaGL" */ = {
			isa = XCConfigurationList;
			buildConfigurations = (
				9F242B6923B275EE00EF94D7 /* Debug */,
				9F242B6A23B275EE00EF94D7 /* Release */,
			);
			defaultConfigurationIsVisible = 0;
			defaultConfigurationName = Release;
		};
/* End XCConfigurationList section */
	};
	rootObject = 9F069C952381A7080081F32E /* Project object */;
}
